
Microsoft Visual Studio Solution File, Format Version 12.00
# Visual Studio 14
VisualStudioVersion = 14.0.23107.0
MinimumVisualStudioVersion = 10.0.40219.1
Project("{FAE04EC0-301F-11D3-BF4B-00C04F79EFBC}") = "ThermometerApp", "ThermometerApp\ThermometerApp.csproj", "{B472B60A-5ACE-4FA6-8516-285F902FAE05}"
EndProject
Project("{FAE04EC0-301F-11D3-BF4B-00C04F79EFBC}") = "UnitTests", "UnitTests\UnitTests.csproj", "{943E740F-A850-4F90-BC83-4B2749604252}"
EndProject
Global
	GlobalSection(SolutionConfigurationPlatforms) = preSolution
		Debug|Any CPU = Debug|Any CPU
		Release|Any CPU = Release|Any CPU
	EndGlobalSection
	GlobalSection(ProjectConfigurationPlatforms) = postSolution
		{B472B60A-5ACE-4FA6-8516-285F902FAE05}.Debug|Any CPU.ActiveCfg = Debug|Any CPU
		{B472B60A-5ACE-4FA6-8516-285F902FAE05}.Debug|Any CPU.Build.0 = Debug|Any CPU
		{B472B60A-5ACE-4FA6-8516-285F902FAE05}.Release|Any CPU.ActiveCfg = Release|Any CPU
		{B472B60A-5ACE-4FA6-8516-285F902FAE05}.Release|Any CPU.Build.0 = Release|Any CPU
		{943E740F-A850-4F90-BC83-4B2749604252}.Debug|Any CPU.ActiveCfg = Debug|Any CPU
		{943E740F-A850-4F90-BC83-4B2749604252}.Debug|Any CPU.Build.0 = Debug|Any CPU
		{943E740F-A850-4F90-BC83-4B2749604252}.Release|Any CPU.ActiveCfg = Release|Any CPU
		{943E740F-A850-4F90-BC83-4B2749604252}.Release|Any CPU.Build.0 = Release|Any CPU
	EndGlobalSection
	GlobalSection(SolutionProperties) = preSolution
		HideSolutionNode = FALSE
	EndGlobalSection
EndGlobal
